
Microsoft Visual Studio Solution File, Format Version 12.00
# Visual Studio Version 17
VisualStudioVersion = 17.14.36221.1 d17.14
MinimumVisualStudioVersion = 10.0.40219.1
Project("{FAE04EC0-301F-11D3-BF4B-00C04F79EFBC}") = "lab5", "lab5.csproj", "{6384A1E0-B35F-48AB-B956-C02149ED90C0}"
EndProject
Global
	GlobalSection(SolutionConfigurationPlatforms) = preSolution
		Debug|Any CPU = Debug|Any CPU
		Release|Any CPU = Release|Any CPU
	EndGlobalSection
	GlobalSection(ProjectConfigurationPlatforms) = postSolution
		{6384A1E0-B35F-48AB-B956-C02149ED90C0}.Debug|Any CPU.ActiveCfg = Debug|Any CPU
		{6384A1E0-B35F-48AB-B956-C02149ED90C0}.Debug|Any CPU.Build.0 = Debug|Any CPU
		{6384A1E0-B35F-48AB-B956-C02149ED90C0}.Release|Any CPU.ActiveCfg = Release|Any CPU
		{6384A1E0-B35F-48AB-B956-C02149ED90C0}.Release|Any CPU.Build.0 = Release|Any CPU
	EndGlobalSection
	GlobalSection(SolutionProperties) = preSolution
		HideSolutionNode = FALSE
	EndGlobalSection
	GlobalSection(ExtensibilityGlobals) = postSolution
		SolutionGuid = {C128E739-819F-46A7-95AF-7990EE289D0A}
	EndGlobalSection
EndGlobal
